github.com/holiman/uint256 v1.2.2 h1:TXKcSGc2WaxPD2+bmzAsVthL4+pEN0YwXcL5qED83vk=
github.com/holiman/uint256 v1.2.2/go.mod h1:SC8Ryt4n+UBbPbIBKaG9zbbDlp4jOru9xFZmPzLUTxw=
github.com/linhbkhn95/int256 v0.0.3 h1:krzOksQaUEiJh3YTZGFNAmH9U06rp5qXjjEjAYhVRxk=
github.com/linhbkhn95/int256 v0.0.3/go.mod h1:Diyo8xxncRVZJbuMOJENeYOloCZPO1uLALyd23ZPkiY=
